// !$*UTF8*$!
{
	archiveVersion = 1;
	classes = {
	};
	objectVersion = 46;
	objects = {

/* Begin PBXBuildFile section */
		05E435B92D5D40D49ED10C45 /* EvilIcons.ttf in Resources */ = {isa = PBXBuildFile; fileRef = 9DD9C4076B554834A1CFBFB5 /* EvilIcons.ttf */; };
		13B07FBF1A68108700A75B9A /* Images.xcassets in Resources */ = {isa = PBXBuildFile; fileRef = 13B07FB51A68108700A75B9A /* Images.xcassets */; };
		15E2C9120DFC4FA890F3CA55 /* FontAwesome.ttf in Resources */ = {isa = PBXBuildFile; fileRef = CCECC1DC7005401A85AB361D /* FontAwesome.ttf */; };
		1DE63E6A189B423983C74178 /* Feather.ttf in Resources */ = {isa = PBXBuildFile; fileRef = 07FD5E539C4C401D9A3E07E3 /* Feather.ttf */; };
		2D02E4BD1E0B4A84006451C7 /* Images.xcassets in Resources */ = {isa = PBXBuildFile; fileRef = 13B07FB51A68108700A75B9A /* Images.xcassets */; };
		421FC970D92848B79DA53F12 /* Entypo.ttf in Resources */ = {isa = PBXBuildFile; fileRef = DD00F18829C94B10B474AE0A /* Entypo.ttf */; };
		4A475ED6D55A433A84357D05 /* Octicons.ttf in Resources */ = {isa = PBXBuildFile; fileRef = 78F7B4A5AB3749A080C62EC0 /* Octicons.ttf */; };
		659030603DAF4BF194A05E10 /* Ionicons.ttf in Resources */ = {isa = PBXBuildFile; fileRef = 93E9E83A54434DE5A01B0210 /* Ionicons.ttf */; };
		9D4FE0D868044213A84FE208 /* MaterialIcons.ttf in Resources */ = {isa = PBXBuildFile; fileRef = E7EAD5BD4E094717B03710A3 /* MaterialIcons.ttf */; };
		A055351CCD6B47E79ED571E4 /* MaterialCommunityIcons.ttf in Resources */ = {isa = PBXBuildFile; fileRef = D74B2220572849469875A3F6 /* MaterialCommunityIcons.ttf */; };
		CB8DC1E060534961B2B71581 /* SimpleLineIcons.ttf in Resources */ = {isa = PBXBuildFile; fileRef = E75DD22C63F74D989602FD70 /* SimpleLineIcons.ttf */; };
		D422167D7E874182A7F8A87A /* Foundation.ttf in Resources */ = {isa = PBXBuildFile; fileRef = 66E34FD269B04C73A47CF796 /* Foundation.ttf */; };
		DDE5910E19084B3486062610 /* Zocial.ttf in Resources */ = {isa = PBXBuildFile; fileRef = D2D481B535F74B8880AE5099 /* Zocial.ttf */; };
		E42579901FEEFCC6004FC827 /* plottr_logo_10.png in Resources */ = {isa = PBXBuildFile; fileRef = E425798F1FEEFCC6004FC827 /* plottr_logo_10.png */; };
		E42988A11FC521A4000D5735 /* plottr_logo_04.png in Resources */ = {isa = PBXBuildFile; fileRef = E429887C1FC521A3000D5735 /* plottr_logo_04.png */; };
		E42C80E51FE49F3400A101FF /* Launch Screen2.storyboard in Resources */ = {isa = PBXBuildFile; fileRef = E42C80E41FE49F3400A101FF /* Launch Screen2.storyboard */; };
		E42F13BA2065A97C00649E01 /* PlottrDocumentIcon320.png in Resources */ = {isa = PBXBuildFile; fileRef = E42F13B62065A97000649E01 /* PlottrDocumentIcon320.png */; };
		E42F13BB2065A97C00649E01 /* PlottrDocumentIcon58.png in Resources */ = {isa = PBXBuildFile; fileRef = E42F13B72065A97400649E01 /* PlottrDocumentIcon58.png */; };
		E42F13BC2065A97C00649E01 /* PlottrDocumentIcon29.png in Resources */ = {isa = PBXBuildFile; fileRef = E42F13B82065A97800649E01 /* PlottrDocumentIcon29.png */; };
		E42F13BD2065A97C00649E01 /* PlottrDocumentIcon64.png in Resources */ = {isa = PBXBuildFile; fileRef = E42F13B92065A97C00649E01 /* PlottrDocumentIcon64.png */; };
		E44A34F71FD9E8DE006EB9DC /* CloudKit.framework in Frameworks */ = {isa = PBXBuildFile; fileRef = E44A34F61FD9E8DE006EB9DC /* CloudKit.framework */; };
		E454C29A2044993100B6DCF6 /* AppDelegate.swift in Sources */ = {isa = PBXBuildFile; fileRef = E454C2992044993100B6DCF6 /* AppDelegate.swift */; };
		E454C29C204499DE00B6DCF6 /* DocumentBrowserViewController.swift in Sources */ = {isa = PBXBuildFile; fileRef = E454C29B204499DE00B6DCF6 /* DocumentBrowserViewController.swift */; };
		E454C2A020449ABE00B6DCF6 /* DocumentViewController.swift in Sources */ = {isa = PBXBuildFile; fileRef = E454C29F20449ABE00B6DCF6 /* DocumentViewController.swift */; };
		E454C2A220449BA800B6DCF6 /* Document.swift in Sources */ = {isa = PBXBuildFile; fileRef = E454C2A120449BA800B6DCF6 /* Document.swift */; };
		E4636EA0204622A000132E30 /* Main.storyboard in Resources */ = {isa = PBXBuildFile; fileRef = E4636E9F204622A000132E30 /* Main.storyboard */; };
		E4636EC720462AB100132E30 /* DocumentBridge.m in Sources */ = {isa = PBXBuildFile; fileRef = E4636EC620462AB100132E30 /* DocumentBridge.m */; };
		E4A5C60320636CB000E2D298 /* libRNMixpanel.a in Frameworks */ = {isa = PBXBuildFile; fileRef = E4A5C60020636C8900E2D298 /* libRNMixpanel.a */; };
		E4AFAE1A20472F0F00430692 /* EventEmitter.swift in Sources */ = {isa = PBXBuildFile; fileRef = E4AFAE1920472F0F00430692 /* EventEmitter.swift */; };
		E4AFAE4420472FC500430692 /* ReactNativeEventEmitter.swift in Sources */ = {isa = PBXBuildFile; fileRef = E4AFAE4320472FC500430692 /* ReactNativeEventEmitter.swift */; };
		E4AFAE462047302800430692 /* ReactNativeEventEmitter.m in Sources */ = {isa = PBXBuildFile; fileRef = E4AFAE452047302800430692 /* ReactNativeEventEmitter.m */; };
		E4BAFE722069A08D003EED35 /* ThumbnailProvider.swift in Sources */ = {isa = PBXBuildFile; fileRef = E4BAFE712069A08D003EED35 /* ThumbnailProvider.swift */; };
		E4BAFE7F2069A51F003EED35 /* PlottrDocumentIcon320.png in Resources */ = {isa = PBXBuildFile; fileRef = E4BAFE7B2069A510003EED35 /* PlottrDocumentIcon320.png */; };
		E4BAFE802069A51F003EED35 /* PlottrDocumentIcon58.png in Resources */ = {isa = PBXBuildFile; fileRef = E4BAFE7C2069A515003EED35 /* PlottrDocumentIcon58.png */; };
		E4BAFE812069A51F003EED35 /* PlottrDocumentIcon29.png in Resources */ = {isa = PBXBuildFile; fileRef = E4BAFE7D2069A519003EED35 /* PlottrDocumentIcon29.png */; };
		E4BAFE822069A51F003EED35 /* PlottrDocumentIcon64.png in Resources */ = {isa = PBXBuildFile; fileRef = E4BAFE7E2069A51E003EED35 /* PlottrDocumentIcon64.png */; };
		E4BAFE842069A6F7003EED35 /* PlottrDocumentIcon.png in Resources */ = {isa = PBXBuildFile; fileRef = E4BAFE832069A6F4003EED35 /* PlottrDocumentIcon.png */; };
		E4BF8EA5205B8D3600006328 /* splashscreen.png in Resources */ = {isa = PBXBuildFile; fileRef = E4BF8EA4205B8D3600006328 /* splashscreen.png */; };
		E4D8C4182052FF4100E1AE27 /* Pods_plottr_native.framework in Frameworks */ = {isa = PBXBuildFile; fileRef = E4D8C4192052FF4100E1AE27 /* Pods_plottr_native.framework */; };
/* End PBXBuildFile section */

/* Begin PBXContainerItemProxy section */
		2D02E4911E0B4A5D006451C7 /* PBXContainerItemProxy */ = {
			isa = PBXContainerItemProxy;
			containerPortal = 83CBB9F71A601CBA00E9B192 /* Project object */;
			proxyType = 1;
			remoteGlobalIDString = 2D02E47A1E0B4A5D006451C7;
			remoteInfo = "plottr_native-tvOS";
		};
		E4A5C5FF20636C8900E2D298 /* PBXContainerItemProxy */ = {
			isa = PBXContainerItemProxy;
			containerPortal = E4A5C5FA20636C8900E2D298 /* RNMixpanel.xcodeproj */;
			proxyType = 2;
			remoteGlobalIDString = FDC64AF01BF1690D0044C1B4;
			remoteInfo = RNMixpanel;
		};
		E4A5C60120636C8900E2D298 /* PBXContainerItemProxy */ = {
			isa = PBXContainerItemProxy;
			containerPortal = E4A5C5FA20636C8900E2D298 /* RNMixpanel.xcodeproj */;
			proxyType = 2;
			remoteGlobalIDString = 5EAEEA411F0555B100C6FED8;
			remoteInfo = "RNMixpanel-tvOS";
		};
/* End PBXContainerItemProxy section */

/* Begin PBXFileReference section */
		008F07F21AC5B25A0029DE68 /* main.jsbundle */ = {isa = PBXFileReference; fileEncoding = 4; lastKnownFileType = text; path = main.jsbundle; sourceTree = "<group>"; };
		07FD5E539C4C401D9A3E07E3 /* Feather.ttf */ = {isa = PBXFileReference; explicitFileType = undefined; fileEncoding = 9; includeInIndex = 0; lastKnownFileType = unknown; name = Feather.ttf; path = "../node_modules/react-native-vector-icons/Fonts/Feather.ttf"; sourceTree = "<group>"; };
		13B07F961A680F5B00A75B9A /* plottr_native.app */ = {isa = PBXFileReference; explicitFileType = wrapper.application; includeInIndex = 0; path = plottr_native.app; sourceTree = BUILT_PRODUCTS_DIR; };
		13B07FB51A68108700A75B9A /* Images.xcassets */ = {isa = PBXFileReference; lastKnownFileType = folder.assetcatalog; name = Images.xcassets; path = plottr_native/Images.xcassets; sourceTree = "<group>"; };
		13B07FB61A68108700A75B9A /* Info.plist */ = {isa = PBXFileReference; fileEncoding = 4; lastKnownFileType = text.plist.xml; name = Info.plist; path = plottr_native/Info.plist; sourceTree = "<group>"; };
		2D02E47B1E0B4A5D006451C7 /* plottr_native-tvOS.app */ = {isa = PBXFileReference; explicitFileType = wrapper.application; includeInIndex = 0; path = "plottr_native-tvOS.app"; sourceTree = BUILT_PRODUCTS_DIR; };
		2D02E4901E0B4A5D006451C7 /* plottr_native-tvOSTests.xctest */ = {isa = PBXFileReference; explicitFileType = wrapper.cfbundle; includeInIndex = 0; path = "plottr_native-tvOSTests.xctest"; sourceTree = BUILT_PRODUCTS_DIR; };
		66DCE54C93041321321F569D /* Pods-plottr_native.release.xcconfig */ = {isa = PBXFileReference; includeInIndex = 1; lastKnownFileType = text.xcconfig; name = "Pods-plottr_native.release.xcconfig"; path = "Pods/Target Support Files/Pods-plottr_native/Pods-plottr_native.release.xcconfig"; sourceTree = "<group>"; };
		66E34FD269B04C73A47CF796 /* Foundation.ttf */ = {isa = PBXFileReference; explicitFileType = undefined; fileEncoding = 9; includeInIndex = 0; lastKnownFileType = unknown; name = Foundation.ttf; path = "../node_modules/react-native-vector-icons/Fonts/Foundation.ttf"; sourceTree = "<group>"; };
		78F7B4A5AB3749A080C62EC0 /* Octicons.ttf */ = {isa = PBXFileReference; explicitFileType = undefined; fileEncoding = 9; includeInIndex = 0; lastKnownFileType = unknown; name = Octicons.ttf; path = "../node_modules/react-native-vector-icons/Fonts/Octicons.ttf"; sourceTree = "<group>"; };
		93E9E83A54434DE5A01B0210 /* Ionicons.ttf */ = {isa = PBXFileReference; explicitFileType = undefined; fileEncoding = 9; includeInIndex = 0; lastKnownFileType = unknown; name = Ionicons.ttf; path = "../node_modules/react-native-vector-icons/Fonts/Ionicons.ttf"; sourceTree = "<group>"; };
		9DD9C4076B554834A1CFBFB5 /* EvilIcons.ttf */ = {isa = PBXFileReference; explicitFileType = undefined; fileEncoding = 9; includeInIndex = 0; lastKnownFileType = unknown; name = EvilIcons.ttf; path = "../node_modules/react-native-vector-icons/Fonts/EvilIcons.ttf"; sourceTree = "<group>"; };
		CCECC1DC7005401A85AB361D /* FontAwesome.ttf */ = {isa = PBXFileReference; explicitFileType = undefined; fileEncoding = 9; includeInIndex = 0; lastKnownFileType = unknown; name = FontAwesome.ttf; path = "../node_modules/react-native-vector-icons/Fonts/FontAwesome.ttf"; sourceTree = "<group>"; };
		D2D481B535F74B8880AE5099 /* Zocial.ttf */ = {isa = PBXFileReference; explicitFileType = undefined; fileEncoding = 9; includeInIndex = 0; lastKnownFileType = unknown; name = Zocial.ttf; path = "../node_modules/react-native-vector-icons/Fonts/Zocial.ttf"; sourceTree = "<group>"; };
		D74B2220572849469875A3F6 /* MaterialCommunityIcons.ttf */ = {isa = PBXFileReference; explicitFileType = undefined; fileEncoding = 9; includeInIndex = 0; lastKnownFileType = unknown; name = MaterialCommunityIcons.ttf; path = "../node_modules/react-native-vector-icons/Fonts/MaterialCommunityIcons.ttf"; sourceTree = "<group>"; };
		DD00F18829C94B10B474AE0A /* Entypo.ttf */ = {isa = PBXFileReference; explicitFileType = undefined; fileEncoding = 9; includeInIndex = 0; lastKnownFileType = unknown; name = Entypo.ttf; path = "../node_modules/react-native-vector-icons/Fonts/Entypo.ttf"; sourceTree = "<group>"; };
		E425798F1FEEFCC6004FC827 /* plottr_logo_10.png */ = {isa = PBXFileReference; lastKnownFileType = image.png; name = plottr_logo_10.png; path = "../../../Dropbox (C Louis S)/plottr_icons cropped/plottr_logo_10.png"; sourceTree = "<group>"; };
		E429887C1FC521A3000D5735 /* plottr_logo_04.png */ = {isa = PBXFileReference; lastKnownFileType = image.png; name = plottr_logo_04.png; path = "../../../Dropbox (C Louis S)/plottr_icons cropped/plottr_logo_04.png"; sourceTree = "<group>"; };
		E42C80E41FE49F3400A101FF /* Launch Screen2.storyboard */ = {isa = PBXFileReference; lastKnownFileType = file.storyboard; path = "Launch Screen2.storyboard"; sourceTree = "<group>"; };
		E42F13B62065A97000649E01 /* PlottrDocumentIcon320.png */ = {isa = PBXFileReference; lastKnownFileType = image.png; path = PlottrDocumentIcon320.png; sourceTree = "<group>"; };
		E42F13B72065A97400649E01 /* PlottrDocumentIcon58.png */ = {isa = PBXFileReference; lastKnownFileType = image.png; path = PlottrDocumentIcon58.png; sourceTree = "<group>"; };
		E42F13B82065A97800649E01 /* PlottrDocumentIcon29.png */ = {isa = PBXFileReference; lastKnownFileType = image.png; path = PlottrDocumentIcon29.png; sourceTree = "<group>"; };
		E42F13B92065A97C00649E01 /* PlottrDocumentIcon64.png */ = {isa = PBXFileReference; lastKnownFileType = image.png; path = PlottrDocumentIcon64.png; sourceTree = "<group>"; };
		E44A34F61FD9E8DE006EB9DC /* CloudKit.framework */ = {isa = PBXFileReference; lastKnownFileType = wrapper.framework; name = CloudKit.framework; path = System/Library/Frameworks/CloudKit.framework; sourceTree = SDKROOT; };
		E454C2992044993100B6DCF6 /* AppDelegate.swift */ = {isa = PBXFileReference; lastKnownFileType = sourcecode.swift; path = AppDelegate.swift; sourceTree = "<group>"; };
		E454C29B204499DE00B6DCF6 /* DocumentBrowserViewController.swift */ = {isa = PBXFileReference; lastKnownFileType = sourcecode.swift; path = DocumentBrowserViewController.swift; sourceTree = "<group>"; };
		E454C29F20449ABE00B6DCF6 /* DocumentViewController.swift */ = {isa = PBXFileReference; lastKnownFileType = sourcecode.swift; path = DocumentViewController.swift; sourceTree = "<group>"; };
		E454C2A120449BA800B6DCF6 /* Document.swift */ = {isa = PBXFileReference; lastKnownFileType = sourcecode.swift; path = Document.swift; sourceTree = "<group>"; };
		E4636E9F204622A000132E30 /* Main.storyboard */ = {isa = PBXFileReference; lastKnownFileType = file.storyboard; path = Main.storyboard; sourceTree = "<group>"; };
		E4636EC620462AB100132E30 /* DocumentBridge.m */ = {isa = PBXFileReference; lastKnownFileType = sourcecode.c.objc; path = DocumentBridge.m; sourceTree = "<group>"; };
		E4A5C5FA20636C8900E2D298 /* RNMixpanel.xcodeproj */ = {isa = PBXFileReference; lastKnownFileType = "wrapper.pb-project"; name = RNMixpanel.xcodeproj; path = "../node_modules/react-native-mixpanel/RNMixpanel.xcodeproj"; sourceTree = "<group>"; };
		E4AFAE1920472F0F00430692 /* EventEmitter.swift */ = {isa = PBXFileReference; lastKnownFileType = sourcecode.swift; path = EventEmitter.swift; sourceTree = "<group>"; };
		E4AFAE4320472FC500430692 /* ReactNativeEventEmitter.swift */ = {isa = PBXFileReference; lastKnownFileType = sourcecode.swift; path = ReactNativeEventEmitter.swift; sourceTree = "<group>"; };
		E4AFAE452047302800430692 /* ReactNativeEventEmitter.m */ = {isa = PBXFileReference; lastKnownFileType = sourcecode.c.objc; path = ReactNativeEventEmitter.m; sourceTree = "<group>"; };
		E4BAFE6F2069A08D003EED35 /* Plottr-Thumbnail-Ext.appex */ = {isa = PBXFileReference; explicitFileType = "wrapper.app-extension"; includeInIndex = 0; path = "Plottr-Thumbnail-Ext.appex"; sourceTree = BUILT_PRODUCTS_DIR; };
		E4BAFE712069A08D003EED35 /* ThumbnailProvider.swift */ = {isa = PBXFileReference; lastKnownFileType = sourcecode.swift; path = ThumbnailProvider.swift; sourceTree = "<group>"; };
		E4BAFE732069A08D003EED35 /* Info.plist */ = {isa = PBXFileReference; lastKnownFileType = text.plist.xml; path = Info.plist; sourceTree = "<group>"; };
		E4BAFE7B2069A510003EED35 /* PlottrDocumentIcon320.png */ = {isa = PBXFileReference; lastKnownFileType = image.png; path = PlottrDocumentIcon320.png; sourceTree = "<group>"; };
		E4BAFE7C2069A515003EED35 /* PlottrDocumentIcon58.png */ = {isa = PBXFileReference; lastKnownFileType = image.png; path = PlottrDocumentIcon58.png; sourceTree = "<group>"; };
		E4BAFE7D2069A519003EED35 /* PlottrDocumentIcon29.png */ = {isa = PBXFileReference; lastKnownFileType = image.png; path = PlottrDocumentIcon29.png; sourceTree = "<group>"; };
		E4BAFE7E2069A51E003EED35 /* PlottrDocumentIcon64.png */ = {isa = PBXFileReference; lastKnownFileType = image.png; path = PlottrDocumentIcon64.png; sourceTree = "<group>"; };
		E4BAFE832069A6F4003EED35 /* PlottrDocumentIcon.png */ = {isa = PBXFileReference; lastKnownFileType = image.png; path = PlottrDocumentIcon.png; sourceTree = "<group>"; };
		E4BF8EA4205B8D3600006328 /* splashscreen.png */ = {isa = PBXFileReference; lastKnownFileType = image.png; path = splashscreen.png; sourceTree = "<group>"; };
		E4D2D3AD1FC4D885001042B0 /* plottr_native.entitlements */ = {isa = PBXFileReference; lastKnownFileType = text.plist.entitlements; name = plottr_native.entitlements; path = plottr_native/plottr_native.entitlements; sourceTree = "<group>"; };
		E4D8C4192052FF4100E1AE27 /* Pods_plottr_native.framework */ = {isa = PBXFileReference; explicitFileType = wrapper.framework; path = Pods_plottr_native.framework; sourceTree = BUILT_PRODUCTS_DIR; };
		E4FFFB49203222A000F407C9 /* plottr_native-Bridging-Header.h */ = {isa = PBXFileReference; lastKnownFileType = sourcecode.c.h; path = "plottr_native-Bridging-Header.h"; sourceTree = "<group>"; };
		E75DD22C63F74D989602FD70 /* SimpleLineIcons.ttf */ = {isa = PBXFileReference; explicitFileType = undefined; fileEncoding = 9; includeInIndex = 0; lastKnownFileType = unknown; name = SimpleLineIcons.ttf; path = "../node_modules/react-native-vector-icons/Fonts/SimpleLineIcons.ttf"; sourceTree = "<group>"; };
		E7ADD4CBD9A874F242F46310 /* Pods-plottr_native.debug.xcconfig */ = {isa = PBXFileReference; includeInIndex = 1; lastKnownFileType = text.xcconfig; name = "Pods-plottr_native.debug.xcconfig"; path = "Pods/Target Support Files/Pods-plottr_native/Pods-plottr_native.debug.xcconfig"; sourceTree = "<group>"; };
		E7EAD5BD4E094717B03710A3 /* MaterialIcons.ttf */ = {isa = PBXFileReference; explicitFileType = undefined; fileEncoding = 9; includeInIndex = 0; lastKnownFileType = unknown; name = MaterialIcons.ttf; path = "../node_modules/react-native-vector-icons/Fonts/MaterialIcons.ttf"; sourceTree = "<group>"; };
/* End PBXFileReference section */

/* Begin PBXFrameworksBuildPhase section */
		13B07F8C1A680F5B00A75B9A /* Frameworks */ = {
			isa = PBXFrameworksBuildPhase;
			buildActionMask = 2147483647;
			files = (
				E4A5C60320636CB000E2D298 /* libRNMixpanel.a in Frameworks */,
				E4D8C4182052FF4100E1AE27 /* Pods_plottr_native.framework in Frameworks */,
				E44A34F71FD9E8DE006EB9DC /* CloudKit.framework in Frameworks */,
			);
			runOnlyForDeploymentPostprocessing = 0;
		};
		2D02E4781E0B4A5D006451C7 /* Frameworks */ = {
			isa = PBXFrameworksBuildPhase;
			buildActionMask = 2147483647;
			files = (
			);
			runOnlyForDeploymentPostprocessing = 0;
		};
		2D02E48D1E0B4A5D006451C7 /* Frameworks */ = {
			isa = PBXFrameworksBuildPhase;
			buildActionMask = 2147483647;
			files = (
			);
			runOnlyForDeploymentPostprocessing = 0;
		};
		E4BAFE6C2069A08D003EED35 /* Frameworks */ = {
			isa = PBXFrameworksBuildPhase;
			buildActionMask = 2147483647;
			files = (
			);
			runOnlyForDeploymentPostprocessing = 0;
		};
/* End PBXFrameworksBuildPhase section */

/* Begin PBXGroup section */
		0B242B0C47904633BCAD025A /* Resources */ = {
			isa = PBXGroup;
			children = (
				DD00F18829C94B10B474AE0A /* Entypo.ttf */,
				9DD9C4076B554834A1CFBFB5 /* EvilIcons.ttf */,
				07FD5E539C4C401D9A3E07E3 /* Feather.ttf */,
				CCECC1DC7005401A85AB361D /* FontAwesome.ttf */,
				66E34FD269B04C73A47CF796 /* Foundation.ttf */,
				93E9E83A54434DE5A01B0210 /* Ionicons.ttf */,
				D74B2220572849469875A3F6 /* MaterialCommunityIcons.ttf */,
				E7EAD5BD4E094717B03710A3 /* MaterialIcons.ttf */,
				78F7B4A5AB3749A080C62EC0 /* Octicons.ttf */,
				E75DD22C63F74D989602FD70 /* SimpleLineIcons.ttf */,
				D2D481B535F74B8880AE5099 /* Zocial.ttf */,
			);
			name = Resources;
			sourceTree = "<group>";
		};
		13B07FAE1A68108700A75B9A /* plottr_native */ = {
			isa = PBXGroup;
			children = (
				E4BAFE832069A6F4003EED35 /* PlottrDocumentIcon.png */,
				E4BF8EA4205B8D3600006328 /* splashscreen.png */,
				E454C2992044993100B6DCF6 /* AppDelegate.swift */,
				E454C29B204499DE00B6DCF6 /* DocumentBrowserViewController.swift */,
				E454C29F20449ABE00B6DCF6 /* DocumentViewController.swift */,
				E4636EC620462AB100132E30 /* DocumentBridge.m */,
				E454C2A120449BA800B6DCF6 /* Document.swift */,
				E425798F1FEEFCC6004FC827 /* plottr_logo_10.png */,
				E4D2D3AD1FC4D885001042B0 /* plottr_native.entitlements */,
				008F07F21AC5B25A0029DE68 /* main.jsbundle */,
				13B07FB51A68108700A75B9A /* Images.xcassets */,
				E429887C1FC521A3000D5735 /* plottr_logo_04.png */,
				13B07FB61A68108700A75B9A /* Info.plist */,
				E42C80E41FE49F3400A101FF /* Launch Screen2.storyboard */,
				E4FFFB49203222A000F407C9 /* plottr_native-Bridging-Header.h */,
				E4636E9F204622A000132E30 /* Main.storyboard */,
				E4AFAE1920472F0F00430692 /* EventEmitter.swift */,
				E4AFAE4320472FC500430692 /* ReactNativeEventEmitter.swift */,
				E4AFAE452047302800430692 /* ReactNativeEventEmitter.m */,
				E42F13B82065A97800649E01 /* PlottrDocumentIcon29.png */,
				E42F13B72065A97400649E01 /* PlottrDocumentIcon58.png */,
				E42F13B92065A97C00649E01 /* PlottrDocumentIcon64.png */,
				E42F13B62065A97000649E01 /* PlottrDocumentIcon320.png */,
			);
			name = plottr_native;
			sourceTree = "<group>";
		};
		832341AE1AAA6A7D00B99B32 /* Libraries */ = {
			isa = PBXGroup;
			children = (
				E4A5C5FA20636C8900E2D298 /* RNMixpanel.xcodeproj */,
			);
			name = Libraries;
			sourceTree = "<group>";
		};
		83CBB9F61A601CBA00E9B192 = {
			isa = PBXGroup;
			children = (
				13B07FAE1A68108700A75B9A /* plottr_native */,
				832341AE1AAA6A7D00B99B32 /* Libraries */,
				E4BAFE702069A08D003EED35 /* Plottr-Thumbnail-Ext */,
				83CBBA001A601CBA00E9B192 /* Products */,
				0B242B0C47904633BCAD025A /* Resources */,
				E4D2D3821FC4D806001042B0 /* Recovered References */,
				E44A34F51FD9E8DE006EB9DC /* Frameworks */,
				F6FA15F7B89AF26121D23253 /* Pods */,
			);
			indentWidth = 2;
			sourceTree = "<group>";
			tabWidth = 2;
			usesTabs = 0;
		};
		83CBBA001A601CBA00E9B192 /* Products */ = {
			isa = PBXGroup;
			children = (
				13B07F961A680F5B00A75B9A /* plottr_native.app */,
				2D02E47B1E0B4A5D006451C7 /* plottr_native-tvOS.app */,
				2D02E4901E0B4A5D006451C7 /* plottr_native-tvOSTests.xctest */,
				E4BAFE6F2069A08D003EED35 /* Plottr-Thumbnail-Ext.appex */,
			);
			name = Products;
			sourceTree = "<group>";
		};
		E44A34F51FD9E8DE006EB9DC /* Frameworks */ = {
			isa = PBXGroup;
			children = (
				E4D8C4192052FF4100E1AE27 /* Pods_plottr_native.framework */,
				E44A34F61FD9E8DE006EB9DC /* CloudKit.framework */,
			);
			name = Frameworks;
			sourceTree = "<group>";
		};
		E4A5C5FB20636C8900E2D298 /* Products */ = {
			isa = PBXGroup;
			children = (
				E4A5C60020636C8900E2D298 /* libRNMixpanel.a */,
				E4A5C60220636C8900E2D298 /* libRNMixpanel-tvOS.a */,
			);
			name = Products;
			sourceTree = "<group>";
		};
		E4BAFE702069A08D003EED35 /* Plottr-Thumbnail-Ext */ = {
			isa = PBXGroup;
			children = (
				E4BAFE7D2069A519003EED35 /* PlottrDocumentIcon29.png */,
				E4BAFE7C2069A515003EED35 /* PlottrDocumentIcon58.png */,
				E4BAFE7E2069A51E003EED35 /* PlottrDocumentIcon64.png */,
				E4BAFE7B2069A510003EED35 /* PlottrDocumentIcon320.png */,
				E4BAFE712069A08D003EED35 /* ThumbnailProvider.swift */,
				E4BAFE732069A08D003EED35 /* Info.plist */,
			);
			path = "Plottr-Thumbnail-Ext";
			sourceTree = "<group>";
		};
		E4D2D3821FC4D806001042B0 /* Recovered References */ = {
			isa = PBXGroup;
			children = (
			);
			name = "Recovered References";
			sourceTree = "<group>";
		};
		F6FA15F7B89AF26121D23253 /* Pods */ = {
			isa = PBXGroup;
			children = (
				E7ADD4CBD9A874F242F46310 /* Pods-plottr_native.debug.xcconfig */,
				66DCE54C93041321321F569D /* Pods-plottr_native.release.xcconfig */,
			);
			name = Pods;
			sourceTree = "<group>";
		};
/* End PBXGroup section */

/* Begin PBXNativeTarget section */
		13B07F861A680F5B00A75B9A /* plottr_native */ = {
			isa = PBXNativeTarget;
			buildConfigurationList = 13B07F931A680F5B00A75B9A /* Build configuration list for PBXNativeTarget "plottr_native" */;
			buildPhases = (
				2F0A6AEB82A9B417642C5300 /* [CP] Check Pods Manifest.lock */,
				13B07F871A680F5B00A75B9A /* Sources */,
				13B07F8C1A680F5B00A75B9A /* Frameworks */,
				00DD1BFF1BD5951E006B06BC /* Bundle React Native code and images */,
				13B07F8E1A680F5B00A75B9A /* Resources */,
				537AA275F7326E2BBA9D1119 /* [CP] Embed Pods Frameworks */,
				A7272504D2CF78547B7A74C0 /* [CP] Copy Pods Resources */,
				E48227FD20659D8F0093465A /* ShellScript */,
			);
			buildRules = (
			);
			dependencies = (
			);
			name = plottr_native;
			productName = "Hello World";
			productReference = 13B07F961A680F5B00A75B9A /* plottr_native.app */;
			productType = "com.apple.product-type.application";
		};
		2D02E47A1E0B4A5D006451C7 /* plottr_native-tvOS */ = {
			isa = PBXNativeTarget;
			buildConfigurationList = 2D02E4BA1E0B4A5E006451C7 /* Build configuration list for PBXNativeTarget "plottr_native-tvOS" */;
			buildPhases = (
				2D02E4771E0B4A5D006451C7 /* Sources */,
				2D02E4781E0B4A5D006451C7 /* Frameworks */,
				2D02E4791E0B4A5D006451C7 /* Resources */,
				2D02E4CB1E0B4B27006451C7 /* Bundle React Native Code And Images */,
			);
			buildRules = (
			);
			dependencies = (
			);
			name = "plottr_native-tvOS";
			productName = "plottr_native-tvOS";
			productReference = 2D02E47B1E0B4A5D006451C7 /* plottr_native-tvOS.app */;
			productType = "com.apple.product-type.application";
		};
		2D02E48F1E0B4A5D006451C7 /* plottr_native-tvOSTests */ = {
			isa = PBXNativeTarget;
			buildConfigurationList = 2D02E4BB1E0B4A5E006451C7 /* Build configuration list for PBXNativeTarget "plottr_native-tvOSTests" */;
			buildPhases = (
				2D02E48C1E0B4A5D006451C7 /* Sources */,
				2D02E48D1E0B4A5D006451C7 /* Frameworks */,
				2D02E48E1E0B4A5D006451C7 /* Resources */,
			);
			buildRules = (
			);
			dependencies = (
				2D02E4921E0B4A5D006451C7 /* PBXTargetDependency */,
			);
			name = "plottr_native-tvOSTests";
			productName = "plottr_native-tvOSTests";
			productReference = 2D02E4901E0B4A5D006451C7 /* plottr_native-tvOSTests.xctest */;
			productType = "com.apple.product-type.bundle.unit-test";
		};
		E4BAFE6E2069A08D003EED35 /* Plottr-Thumbnail-Ext */ = {
			isa = PBXNativeTarget;
			buildConfigurationList = E4BAFE792069A091003EED35 /* Build configuration list for PBXNativeTarget "Plottr-Thumbnail-Ext" */;
			buildPhases = (
				E4BAFE6B2069A08D003EED35 /* Sources */,
				E4BAFE6C2069A08D003EED35 /* Frameworks */,
				E4BAFE6D2069A08D003EED35 /* Resources */,
			);
			buildRules = (
			);
			dependencies = (
			);
			name = "Plottr-Thumbnail-Ext";
			productName = "Plottr-Thumbnail-Ext";
			productReference = E4BAFE6F2069A08D003EED35 /* Plottr-Thumbnail-Ext.appex */;
			productType = "com.apple.product-type.app-extension";
		};
/* End PBXNativeTarget section */

/* Begin PBXProject section */
		83CBB9F71A601CBA00E9B192 /* Project object */ = {
			isa = PBXProject;
			attributes = {
				LastSwiftUpdateCheck = 0920;
				LastUpgradeCheck = 610;
				ORGANIZATIONNAME = Facebook;
				TargetAttributes = {
					13B07F861A680F5B00A75B9A = {
						DevelopmentTeam = XUSV2KF89D;
						LastSwiftMigration = 920;
						SystemCapabilities = {
							com.apple.Push = {
								enabled = 1;
							};
							com.apple.iCloud = {
								enabled = 1;
							};
						};
					};
					2D02E47A1E0B4A5D006451C7 = {
						CreatedOnToolsVersion = 8.2.1;
						ProvisioningStyle = Automatic;
					};
					2D02E48F1E0B4A5D006451C7 = {
						CreatedOnToolsVersion = 8.2.1;
						DevelopmentTeam = 365M44M5M6;
						ProvisioningStyle = Automatic;
						TestTargetID = 2D02E47A1E0B4A5D006451C7;
					};
					E4BAFE6E2069A08D003EED35 = {
						CreatedOnToolsVersion = 9.2;
						DevelopmentTeam = XUSV2KF89D;
						ProvisioningStyle = Automatic;
					};
				};
			};
			buildConfigurationList = 83CBB9FA1A601CBA00E9B192 /* Build configuration list for PBXProject "plottr_native" */;
			compatibilityVersion = "Xcode 3.2";
			developmentRegion = English;
			hasScannedForEncodings = 0;
			knownRegions = (
				en,
				Base,
			);
			mainGroup = 83CBB9F61A601CBA00E9B192;
			productRefGroup = 83CBBA001A601CBA00E9B192 /* Products */;
			projectDirPath = "";
			projectReferences = (
				{
					ProductGroup = E4A5C5FB20636C8900E2D298 /* Products */;
					ProjectRef = E4A5C5FA20636C8900E2D298 /* RNMixpanel.xcodeproj */;
				},
			);
			projectRoot = "";
			targets = (
				13B07F861A680F5B00A75B9A /* plottr_native */,
				2D02E47A1E0B4A5D006451C7 /* plottr_native-tvOS */,
				2D02E48F1E0B4A5D006451C7 /* plottr_native-tvOSTests */,
				E4BAFE6E2069A08D003EED35 /* Plottr-Thumbnail-Ext */,
			);
		};
/* End PBXProject section */

/* Begin PBXReferenceProxy section */
		E4A5C60020636C8900E2D298 /* libRNMixpanel.a */ = {
			isa = PBXReferenceProxy;
			fileType = archive.ar;
			path = libRNMixpanel.a;
			remoteRef = E4A5C5FF20636C8900E2D298 /* PBXContainerItemProxy */;
			sourceTree = BUILT_PRODUCTS_DIR;
		};
		E4A5C60220636C8900E2D298 /* libRNMixpanel-tvOS.a */ = {
			isa = PBXReferenceProxy;
			fileType = archive.ar;
			path = "libRNMixpanel-tvOS.a";
			remoteRef = E4A5C60120636C8900E2D298 /* PBXContainerItemProxy */;
			sourceTree = BUILT_PRODUCTS_DIR;
		};
/* End PBXReferenceProxy section */

/* Begin PBXResourcesBuildPhase section */
		13B07F8E1A680F5B00A75B9A /* Resources */ = {
			isa = PBXResourcesBuildPhase;
			buildActionMask = 2147483647;
			files = (
				E4636EA0204622A000132E30 /* Main.storyboard in Resources */,
				E42F13BC2065A97C00649E01 /* PlottrDocumentIcon29.png in Resources */,
				13B07FBF1A68108700A75B9A /* Images.xcassets in Resources */,
				421FC970D92848B79DA53F12 /* Entypo.ttf in Resources */,
				05E435B92D5D40D49ED10C45 /* EvilIcons.ttf in Resources */,
				E42988A11FC521A4000D5735 /* plottr_logo_04.png in Resources */,
				1DE63E6A189B423983C74178 /* Feather.ttf in Resources */,
				15E2C9120DFC4FA890F3CA55 /* FontAwesome.ttf in Resources */,
				E4BF8EA5205B8D3600006328 /* splashscreen.png in Resources */,
				D422167D7E874182A7F8A87A /* Foundation.ttf in Resources */,
				E42F13BA2065A97C00649E01 /* PlottrDocumentIcon320.png in Resources */,
				659030603DAF4BF194A05E10 /* Ionicons.ttf in Resources */,
				E42C80E51FE49F3400A101FF /* Launch Screen2.storyboard in Resources */,
				A055351CCD6B47E79ED571E4 /* MaterialCommunityIcons.ttf in Resources */,
				9D4FE0D868044213A84FE208 /* MaterialIcons.ttf in Resources */,
				E42F13BD2065A97C00649E01 /* PlottrDocumentIcon64.png in Resources */,
				4A475ED6D55A433A84357D05 /* Octicons.ttf in Resources */,
				CB8DC1E060534961B2B71581 /* SimpleLineIcons.ttf in Resources */,
				E42579901FEEFCC6004FC827 /* plottr_logo_10.png in Resources */,
				DDE5910E19084B3486062610 /* Zocial.ttf in Resources */,
				E42F13BB2065A97C00649E01 /* PlottrDocumentIcon58.png in Resources */,
			);
			runOnlyForDeploymentPostprocessing = 0;
		};
		2D02E4791E0B4A5D006451C7 /* Resources */ = {
			isa = PBXResourcesBuildPhase;
			buildActionMask = 2147483647;
			files = (
				2D02E4BD1E0B4A84006451C7 /* Images.xcassets in Resources */,
			);
			runOnlyForDeploymentPostprocessing = 0;
		};
		2D02E48E1E0B4A5D006451C7 /* Resources */ = {
			isa = PBXResourcesBuildPhase;
			buildActionMask = 2147483647;
			files = (
			);
			runOnlyForDeploymentPostprocessing = 0;
		};
		E4BAFE6D2069A08D003EED35 /* Resources */ = {
			isa = PBXResourcesBuildPhase;
			buildActionMask = 2147483647;
			files = (
				E4BAFE7F2069A51F003EED35 /* PlottrDocumentIcon320.png in Resources */,
				E4BAFE802069A51F003EED35 /* PlottrDocumentIcon58.png in Resources */,
				E4BAFE822069A51F003EED35 /* PlottrDocumentIcon64.png in Resources */,
				E4BAFE842069A6F7003EED35 /* PlottrDocumentIcon.png in Resources */,
				E4BAFE812069A51F003EED35 /* PlottrDocumentIcon29.png in Resources */,
			);
			runOnlyForDeploymentPostprocessing = 0;
		};
/* End PBXResourcesBuildPhase section */

/* Begin PBXShellScriptBuildPhase section */
		00DD1BFF1BD5951E006B06BC /* Bundle React Native code and images */ = {
			isa = PBXShellScriptBuildPhase;
			buildActionMask = 2147483647;
			files = (
			);
			inputPaths = (
			);
			name = "Bundle React Native code and images";
			outputPaths = (
			);
			runOnlyForDeploymentPostprocessing = 0;
			shellPath = /bin/sh;
			shellScript = "export NODE_BINARY=node ENTRY_FILE=index.js\n../node_modules/react-native/scripts/react-native-xcode.sh";
		};
		2D02E4CB1E0B4B27006451C7 /* Bundle React Native Code And Images */ = {
			isa = PBXShellScriptBuildPhase;
			buildActionMask = 2147483647;
			files = (
			);
			inputPaths = (
			);
			name = "Bundle React Native Code And Images";
			outputPaths = (
			);
			runOnlyForDeploymentPostprocessing = 0;
			shellPath = /bin/sh;
			shellScript = "export NODE_BINARY=node\n../node_modules/react-native/scripts/react-native-xcode.sh";
		};
		2F0A6AEB82A9B417642C5300 /* [CP] Check Pods Manifest.lock */ = {
			isa = PBXShellScriptBuildPhase;
			buildActionMask = 2147483647;
			files = (
			);
			inputPaths = (
				"${PODS_PODFILE_DIR_PATH}/Podfile.lock",
				"${PODS_ROOT}/Manifest.lock",
			);
			name = "[CP] Check Pods Manifest.lock";
			outputPaths = (
				"$(DERIVED_FILE_DIR)/Pods-plottr_native-checkManifestLockResult.txt",
			);
			runOnlyForDeploymentPostprocessing = 0;
			shellPath = /bin/sh;
			shellScript = "diff \"${PODS_PODFILE_DIR_PATH}/Podfile.lock\" \"${PODS_ROOT}/Manifest.lock\" > /dev/null\nif [ $? != 0 ] ; then\n    # print error to STDERR\n    echo \"error: The sandbox is not in sync with the Podfile.lock. Run 'pod install' or update your CocoaPods installation.\" >&2\n    exit 1\nfi\n# This output is used by Xcode 'outputs' to avoid re-running this script phase.\necho \"SUCCESS\" > \"${SCRIPT_OUTPUT_FILE_0}\"\n";
			showEnvVarsInLog = 0;
		};
		537AA275F7326E2BBA9D1119 /* [CP] Embed Pods Frameworks */ = {
			isa = PBXShellScriptBuildPhase;
			buildActionMask = 2147483647;
			files = (
			);
			inputPaths = (
				"${SRCROOT}/Pods/Target Support Files/Pods-plottr_native/Pods-plottr_native-frameworks.sh",
				"${BUILT_PRODUCTS_DIR}/DoubleConversion/DoubleConversion.framework",
				"${BUILT_PRODUCTS_DIR}/Folly/folly.framework",
				"${BUILT_PRODUCTS_DIR}/GLog/glog.framework",
				"${BUILT_PRODUCTS_DIR}/Mixpanel/Mixpanel.framework",
				"${BUILT_PRODUCTS_DIR}/RNVectorIcons/RNVectorIcons.framework",
				"${BUILT_PRODUCTS_DIR}/React/React.framework",
				"${BUILT_PRODUCTS_DIR}/yoga/yoga.framework",
			);
			name = "[CP] Embed Pods Frameworks";
			outputPaths = (
				"${TARGET_BUILD_DIR}/${FRAMEWORKS_FOLDER_PATH}/DoubleConversion.framework",
				"${TARGET_BUILD_DIR}/${FRAMEWORKS_FOLDER_PATH}/folly.framework",
				"${TARGET_BUILD_DIR}/${FRAMEWORKS_FOLDER_PATH}/glog.framework",
				"${TARGET_BUILD_DIR}/${FRAMEWORKS_FOLDER_PATH}/Mixpanel.framework",
				"${TARGET_BUILD_DIR}/${FRAMEWORKS_FOLDER_PATH}/RNVectorIcons.framework",
				"${TARGET_BUILD_DIR}/${FRAMEWORKS_FOLDER_PATH}/React.framework",
				"${TARGET_BUILD_DIR}/${FRAMEWORKS_FOLDER_PATH}/yoga.framework",
			);
			runOnlyForDeploymentPostprocessing = 0;
			shellPath = /bin/sh;
			shellScript = "\"${SRCROOT}/Pods/Target Support Files/Pods-plottr_native/Pods-plottr_native-frameworks.sh\"\n";
			showEnvVarsInLog = 0;
		};
		A7272504D2CF78547B7A74C0 /* [CP] Copy Pods Resources */ = {
			isa = PBXShellScriptBuildPhase;
			buildActionMask = 2147483647;
			files = (
			);
			inputPaths = (
			);
			name = "[CP] Copy Pods Resources";
			outputPaths = (
			);
			runOnlyForDeploymentPostprocessing = 0;
			shellPath = /bin/sh;
			shellScript = "\"${SRCROOT}/Pods/Target Support Files/Pods-plottr_native/Pods-plottr_native-resources.sh\"\n";
			showEnvVarsInLog = 0;
		};
		E48227FD20659D8F0093465A /* ShellScript */ = {
			isa = PBXShellScriptBuildPhase;
			buildActionMask = 2147483647;
			files = (
			);
			inputPaths = (
			);
			outputPaths = (
			);
			runOnlyForDeploymentPostprocessing = 0;
			shellPath = /bin/sh;
			shellScript = "\"${PODS_ROOT}/Fabric/run\" 9487362b84ddd36b3ea1b5450ecc8f50849b2615 c79d9c2de48adbef1a999e81112cd77cbd8826fd8dc974fc06fd3af1600735cf";
		};
/* End PBXShellScriptBuildPhase section */

/* Begin PBXSourcesBuildPhase section */
		13B07F871A680F5B00A75B9A /* Sources */ = {
			isa = PBXSourcesBuildPhase;
			buildActionMask = 2147483647;
			files = (
				E454C29C204499DE00B6DCF6 /* DocumentBrowserViewController.swift in Sources */,
				E4AFAE4420472FC500430692 /* ReactNativeEventEmitter.swift in Sources */,
				E4AFAE1A20472F0F00430692 /* EventEmitter.swift in Sources */,
				E4636EC720462AB100132E30 /* DocumentBridge.m in Sources */,
				E454C2A020449ABE00B6DCF6 /* DocumentViewController.swift in Sources */,
				E454C29A2044993100B6DCF6 /* AppDelegate.swift in Sources */,
				E4AFAE462047302800430692 /* ReactNativeEventEmitter.m in Sources */,
				E454C2A220449BA800B6DCF6 /* Document.swift in Sources */,
			);
			runOnlyForDeploymentPostprocessing = 0;
		};
		2D02E4771E0B4A5D006451C7 /* Sources */ = {
			isa = PBXSourcesBuildPhase;
			buildActionMask = 2147483647;
			files = (
			);
			runOnlyForDeploymentPostprocessing = 0;
		};
		2D02E48C1E0B4A5D006451C7 /* Sources */ = {
			isa = PBXSourcesBuildPhase;
			buildActionMask = 2147483647;
			files = (
			);
			runOnlyForDeploymentPostprocessing = 0;
		};
		E4BAFE6B2069A08D003EED35 /* Sources */ = {
			isa = PBXSourcesBuildPhase;
			buildActionMask = 2147483647;
			files = (
				E4BAFE722069A08D003EED35 /* ThumbnailProvider.swift in Sources */,
			);
			runOnlyForDeploymentPostprocessing = 0;
		};
/* End PBXSourcesBuildPhase section */

/* Begin PBXTargetDependency section */
		2D02E4921E0B4A5D006451C7 /* PBXTargetDependency */ = {
			isa = PBXTargetDependency;
			target = 2D02E47A1E0B4A5D006451C7 /* plottr_native-tvOS */;
			targetProxy = 2D02E4911E0B4A5D006451C7 /* PBXContainerItemProxy */;
		};
/* End PBXTargetDependency section */

/* Begin XCBuildConfiguration section */
		13B07F941A680F5B00A75B9A /* Debug */ = {
			isa = XCBuildConfiguration;
			baseConfigurationReference = E7ADD4CBD9A874F242F46310 /* Pods-plottr_native.debug.xcconfig */;
			buildSettings = {
				ASSETCATALOG_COMPILER_APPICON_NAME = AppIcon;
				CLANG_ALLOW_NON_MODULAR_INCLUDES_IN_FRAMEWORK_MODULES = NO;
				CLANG_ENABLE_MODULES = YES;
				CODE_SIGN_ENTITLEMENTS = plottr_native/plottr_native.entitlements;
				CODE_SIGN_IDENTITY = "iPhone Developer";
				CURRENT_PROJECT_VERSION = 1;
				DEAD_CODE_STRIPPING = NO;
				DEVELOPMENT_TEAM = XUSV2KF89D;
				HEADER_SEARCH_PATHS = (
					"$(inherited)",
					"\"${PODS_ROOT}/Headers/Public\"",
					"\"${PODS_ROOT}/Headers/Public/boost\"",
					"\"${PODS_ROOT}/Headers/Public/boost-for-react-native\"",
				);
				INFOPLIST_FILE = plottr_native/Info.plist;
				IPHONEOS_DEPLOYMENT_TARGET = 11.0;
				LD_RUNPATH_SEARCH_PATHS = "$(inherited) @executable_path/Frameworks";
				LIBRARY_SEARCH_PATHS = "$(inherited)";
				OTHER_LDFLAGS = (
					"$(inherited)",
					"-ObjC",
					"-lc++",
				);
				PRODUCT_BUNDLE_IDENTIFIER = "com.clouiss.plottr-native";
				PRODUCT_NAME = plottr_native;
				SWIFT_OBJC_BRIDGING_HEADER = "plottr_native-Bridging-Header.h";
				SWIFT_OPTIMIZATION_LEVEL = "-Onone";
				SWIFT_VERSION = 3.0;
				TARGETED_DEVICE_FAMILY = 1;
				VERSIONING_SYSTEM = "apple-generic";
			};
			name = Debug;
		};
		13B07F951A680F5B00A75B9A /* Release */ = {
			isa = XCBuildConfiguration;
			baseConfigurationReference = 66DCE54C93041321321F569D /* Pods-plottr_native.release.xcconfig */;
			buildSettings = {
				ASSETCATALOG_COMPILER_APPICON_NAME = AppIcon;
				CLANG_ALLOW_NON_MODULAR_INCLUDES_IN_FRAMEWORK_MODULES = NO;
				CLANG_ENABLE_MODULES = YES;
				CODE_SIGN_ENTITLEMENTS = plottr_native/plottr_native.entitlements;
				CODE_SIGN_IDENTITY = "iPhone Developer";
				CURRENT_PROJECT_VERSION = 1;
				DEVELOPMENT_TEAM = XUSV2KF89D;
				HEADER_SEARCH_PATHS = (
					"\"$(PODS_ROOT)/boost\"",
					"$(inherited)",
					"\"${PODS_ROOT}/Headers/Public\"",
					"\"${PODS_ROOT}/Headers/Public/boost\"",
					"\"${PODS_ROOT}/Headers/Public/boost-for-react-native\"",
				);
				INFOPLIST_FILE = plottr_native/Info.plist;
				IPHONEOS_DEPLOYMENT_TARGET = 11.0;
				LD_RUNPATH_SEARCH_PATHS = "$(inherited) @executable_path/Frameworks";
				LIBRARY_SEARCH_PATHS = "$(inherited)";
				OTHER_LDFLAGS = (
					"$(inherited)",
					"-ObjC",
					"-lc++",
				);
				PRODUCT_BUNDLE_IDENTIFIER = "com.clouiss.plottr-native";
				PRODUCT_NAME = plottr_native;
				SWIFT_OBJC_BRIDGING_HEADER = "plottr_native-Bridging-Header.h";
				SWIFT_VERSION = 3.0;
				TARGETED_DEVICE_FAMILY = 1;
				VERSIONING_SYSTEM = "apple-generic";
			};
			name = Release;
		};
		2D02E4971E0B4A5E006451C7 /* Debug */ = {
			isa = XCBuildConfiguration;
			buildSettings = {
				ASSETCATALOG_COMPILER_APPICON_NAME = "App Icon & Top Shelf Image";
				ASSETCATALOG_COMPILER_LAUNCHIMAGE_NAME = LaunchImage;
				CLANG_ANALYZER_NONNULL = YES;
				CLANG_WARN_DOCUMENTATION_COMMENTS = YES;
				CLANG_WARN_INFINITE_RECURSION = YES;
				CLANG_WARN_SUSPICIOUS_MOVE = YES;
				DEBUG_INFORMATION_FORMAT = dwarf;
				DEVELOPMENT_TEAM = "";
				ENABLE_TESTABILITY = YES;
				GCC_NO_COMMON_BLOCKS = YES;
				HEADER_SEARCH_PATHS = (
					"$(inherited)",
					"$(SRCROOT)/../node_modules/react-native-vector-icons/RNVectorIconsManager",
					"$(SRCROOT)/../node_modules/react-native-fs/**",
				);
				INFOPLIST_FILE = "plottr_native-tvOS/Info.plist";
				LD_RUNPATH_SEARCH_PATHS = "$(inherited) @executable_path/Frameworks";
				LIBRARY_SEARCH_PATHS = (
					"$(inherited)",
					"\"$(SRCROOT)/$(TARGET_NAME)\"",
					"\"$(SRCROOT)/$(TARGET_NAME)\"",
					"\"$(SRCROOT)/$(TARGET_NAME)\"",
				);
				OTHER_LDFLAGS = (
					"-ObjC",
					"-lc++",
				);
				PRODUCT_BUNDLE_IDENTIFIER = "com.facebook.REACT.plottr_native-tvOS";
				PRODUCT_NAME = "$(TARGET_NAME)";
				SDKROOT = appletvos;
				TARGETED_DEVICE_FAMILY = 3;
				TVOS_DEPLOYMENT_TARGET = 9.2;
			};
			name = Debug;
		};
		2D02E4981E0B4A5E006451C7 /* Release */ = {
			isa = XCBuildConfiguration;
			buildSettings = {
				ASSETCATALOG_COMPILER_APPICON_NAME = "App Icon & Top Shelf Image";
				ASSETCATALOG_COMPILER_LAUNCHIMAGE_NAME = LaunchImage;
				CLANG_ANALYZER_NONNULL = YES;
				CLANG_WARN_DOCUMENTATION_COMMENTS = YES;
				CLANG_WARN_INFINITE_RECURSION = YES;
				CLANG_WARN_SUSPICIOUS_MOVE = YES;
				COPY_PHASE_STRIP = NO;
				DEBUG_INFORMATION_FORMAT = "dwarf-with-dsym";
				DEVELOPMENT_TEAM = "";
				GCC_NO_COMMON_BLOCKS = YES;
				HEADER_SEARCH_PATHS = (
					"$(inherited)",
					"$(SRCROOT)/../node_modules/react-native-vector-icons/RNVectorIconsManager",
					"$(SRCROOT)/../node_modules/react-native-fs/**",
				);
				INFOPLIST_FILE = "plottr_native-tvOS/Info.plist";
				LD_RUNPATH_SEARCH_PATHS = "$(inherited) @executable_path/Frameworks";
				LIBRARY_SEARCH_PATHS = (
					"$(inherited)",
					"\"$(SRCROOT)/$(TARGET_NAME)\"",
					"\"$(SRCROOT)/$(TARGET_NAME)\"",
					"\"$(SRCROOT)/$(TARGET_NAME)\"",
				);
				OTHER_LDFLAGS = (
					"-ObjC",
					"-lc++",
				);
				PRODUCT_BUNDLE_IDENTIFIER = "com.facebook.REACT.plottr_native-tvOS";
				PRODUCT_NAME = "$(TARGET_NAME)";
				SDKROOT = appletvos;
				TARGETED_DEVICE_FAMILY = 3;
				TVOS_DEPLOYMENT_TARGET = 9.2;
			};
			name = Release;
		};
		2D02E4991E0B4A5E006451C7 /* Debug */ = {
			isa = XCBuildConfiguration;
			buildSettings = {
				BUNDLE_LOADER = "$(TEST_HOST)";
				CLANG_ANALYZER_NONNULL = YES;
				CLANG_WARN_DOCUMENTATION_COMMENTS = YES;
				CLANG_WARN_INFINITE_RECURSION = YES;
				CLANG_WARN_SUSPICIOUS_MOVE = YES;
				DEBUG_INFORMATION_FORMAT = dwarf;
				DEVELOPMENT_TEAM = 365M44M5M6;
				ENABLE_TESTABILITY = YES;
				GCC_NO_COMMON_BLOCKS = YES;
				INFOPLIST_FILE = "plottr_native-tvOSTests/Info.plist";
				LD_RUNPATH_SEARCH_PATHS = "$(inherited) @executable_path/Frameworks @loader_path/Frameworks";
				LIBRARY_SEARCH_PATHS = (
					"$(inherited)",
					"\"$(SRCROOT)/$(TARGET_NAME)\"",
					"\"$(SRCROOT)/$(TARGET_NAME)\"",
					"\"$(SRCROOT)/$(TARGET_NAME)\"",
				);
				PRODUCT_BUNDLE_IDENTIFIER = "com.facebook.REACT.plottr_native-tvOSTests";
				PRODUCT_NAME = "$(TARGET_NAME)";
				SDKROOT = appletvos;
				TEST_HOST = "$(BUILT_PRODUCTS_DIR)/plottr_native-tvOS.app/plottr_native-tvOS";
				TVOS_DEPLOYMENT_TARGET = 10.1;
			};
			name = Debug;
		};
		2D02E49A1E0B4A5E006451C7 /* Release */ = {
			isa = XCBuildConfiguration;
			buildSettings = {
				BUNDLE_LOADER = "$(TEST_HOST)";
				CLANG_ANALYZER_NONNULL = YES;
				CLANG_WARN_DOCUMENTATION_COMMENTS = YES;
				CLANG_WARN_INFINITE_RECURSION = YES;
				CLANG_WARN_SUSPICIOUS_MOVE = YES;
				COPY_PHASE_STRIP = NO;
				DEBUG_INFORMATION_FORMAT = "dwarf-with-dsym";
				DEVELOPMENT_TEAM = 365M44M5M6;
				GCC_NO_COMMON_BLOCKS = YES;
				INFOPLIST_FILE = "plottr_native-tvOSTests/Info.plist";
				LD_RUNPATH_SEARCH_PATHS = "$(inherited) @executable_path/Frameworks @loader_path/Frameworks";
				LIBRARY_SEARCH_PATHS = (
					"$(inherited)",
					"\"$(SRCROOT)/$(TARGET_NAME)\"",
					"\"$(SRCROOT)/$(TARGET_NAME)\"",
					"\"$(SRCROOT)/$(TARGET_NAME)\"",
				);
				PRODUCT_BUNDLE_IDENTIFIER = "com.facebook.REACT.plottr_native-tvOSTests";
				PRODUCT_NAME = "$(TARGET_NAME)";
				SDKROOT = appletvos;
				TEST_HOST = "$(BUILT_PRODUCTS_DIR)/plottr_native-tvOS.app/plottr_native-tvOS";
				TVOS_DEPLOYMENT_TARGET = 10.1;
			};
			name = Release;
		};
		83CBBA201A601CBA00E9B192 /* Debug */ = {
			isa = XCBuildConfiguration;
			buildSettings = {
				ALWAYS_SEARCH_USER_PATHS = NO;
				CLANG_CXX_LANGUAGE_STANDARD = "gnu++0x";
				CLANG_CXX_LIBRARY = "libc++";
				CLANG_ENABLE_MODULES = YES;
				CLANG_ENABLE_OBJC_ARC = YES;
				CLANG_WARN_BOOL_CONVERSION = YES;
				CLANG_WARN_CONSTANT_CONVERSION = YES;
				CLANG_WARN_DIRECT_OBJC_ISA_USAGE = YES_ERROR;
				CLANG_WARN_EMPTY_BODY = YES;
				CLANG_WARN_ENUM_CONVERSION = YES;
				CLANG_WARN_INT_CONVERSION = YES;
				CLANG_WARN_OBJC_ROOT_CLASS = YES_ERROR;
				CLANG_WARN_UNREACHABLE_CODE = YES;
				CLANG_WARN__DUPLICATE_METHOD_MATCH = YES;
				"CODE_SIGN_IDENTITY[sdk=iphoneos*]" = "iPhone Developer";
				COPY_PHASE_STRIP = NO;
				ENABLE_STRICT_OBJC_MSGSEND = YES;
				GCC_C_LANGUAGE_STANDARD = gnu99;
				GCC_DYNAMIC_NO_PIC = NO;
				GCC_OPTIMIZATION_LEVEL = 0;
				GCC_PREPROCESSOR_DEFINITIONS = (
					"DEBUG=1",
					"$(inherited)",
				);
				GCC_SYMBOLS_PRIVATE_EXTERN = NO;
				GCC_WARN_64_TO_32_BIT_CONVERSION = YES;
				GCC_WARN_ABOUT_RETURN_TYPE = YES_ERROR;
				GCC_WARN_UNDECLARED_SELECTOR = YES;
				GCC_WARN_UNINITIALIZED_AUTOS = YES_AGGRESSIVE;
				GCC_WARN_UNUSED_FUNCTION = YES;
				GCC_WARN_UNUSED_VARIABLE = YES;
				IPHONEOS_DEPLOYMENT_TARGET = 11.2;
				MTL_ENABLE_DEBUG_INFO = YES;
				ONLY_ACTIVE_ARCH = YES;
				SDKROOT = iphoneos;
			};
			name = Debug;
		};
		83CBBA211A601CBA00E9B192 /* Release */ = {
			isa = XCBuildConfiguration;
			buildSettings = {
				ALWAYS_SEARCH_USER_PATHS = NO;
				CLANG_CXX_LANGUAGE_STANDARD = "gnu++0x";
				CLANG_CXX_LIBRARY = "libc++";
				CLANG_ENABLE_MODULES = YES;
				CLANG_ENABLE_OBJC_ARC = YES;
				CLANG_WARN_BOOL_CONVERSION = YES;
				CLANG_WARN_CONSTANT_CONVERSION = YES;
				CLANG_WARN_DIRECT_OBJC_ISA_USAGE = YES_ERROR;
				CLANG_WARN_EMPTY_BODY = YES;
				CLANG_WARN_ENUM_CONVERSION = YES;
				CLANG_WARN_INT_CONVERSION = YES;
				CLANG_WARN_OBJC_ROOT_CLASS = YES_ERROR;
				CLANG_WARN_UNREACHABLE_CODE = YES;
				CLANG_WARN__DUPLICATE_METHOD_MATCH = YES;
				"CODE_SIGN_IDENTITY[sdk=iphoneos*]" = "iPhone Developer";
				COPY_PHASE_STRIP = YES;
				ENABLE_NS_ASSERTIONS = NO;
				ENABLE_STRICT_OBJC_MSGSEND = YES;
				GCC_C_LANGUAGE_STANDARD = gnu99;
				GCC_WARN_64_TO_32_BIT_CONVERSION = YES;
				GCC_WARN_ABOUT_RETURN_TYPE = YES_ERROR;
				GCC_WARN_UNDECLARED_SELECTOR = YES;
				GCC_WARN_UNINITIALIZED_AUTOS = YES_AGGRESSIVE;
				GCC_WARN_UNUSED_FUNCTION = YES;
				GCC_WARN_UNUSED_VARIABLE = YES;
				IPHONEOS_DEPLOYMENT_TARGET = 11.2;
				MTL_ENABLE_DEBUG_INFO = NO;
				SDKROOT = iphoneos;
				VALIDATE_PRODUCT = YES;
			};
			name = Release;
		};
		E4BAFE772069A08E003EED35 /* Debug */ = {
			isa = XCBuildConfiguration;
			buildSettings = {
				CLANG_ANALYZER_NONNULL = YES;
				CLANG_ANALYZER_NUMBER_OBJECT_CONVERSION = YES_AGGRESSIVE;
				CLANG_CXX_LANGUAGE_STANDARD = "gnu++14";
				CLANG_WARN_BLOCK_CAPTURE_AUTORELEASING = YES;
				CLANG_WARN_COMMA = YES;
				CLANG_WARN_DOCUMENTATION_COMMENTS = YES;
				CLANG_WARN_INFINITE_RECURSION = YES;
				CLANG_WARN_NON_LITERAL_NULL_CONVERSION = YES;
				CLANG_WARN_OBJC_LITERAL_CONVERSION = YES;
				CLANG_WARN_RANGE_LOOP_ANALYSIS = YES;
				CLANG_WARN_STRICT_PROTOTYPES = YES;
				CLANG_WARN_SUSPICIOUS_MOVE = YES;
				CLANG_WARN_UNGUARDED_AVAILABILITY = YES_AGGRESSIVE;
				CODE_SIGN_IDENTITY = "iPhone Developer";
				CODE_SIGN_STYLE = Automatic;
				DEBUG_INFORMATION_FORMAT = dwarf;
				DEVELOPMENT_TEAM = XUSV2KF89D;
				ENABLE_TESTABILITY = YES;
				GCC_C_LANGUAGE_STANDARD = gnu11;
				GCC_NO_COMMON_BLOCKS = YES;
				INFOPLIST_FILE = "Plottr-Thumbnail-Ext/Info.plist";
				LD_RUNPATH_SEARCH_PATHS = "$(inherited) @executable_path/Frameworks @executable_path/../../Frameworks";
				PRODUCT_BUNDLE_IDENTIFIER = "com.clouiss.plottr-native.Plottr-Thumbnail-Ext";
				PRODUCT_NAME = "$(TARGET_NAME)";
				SKIP_INSTALL = YES;
				SWIFT_ACTIVE_COMPILATION_CONDITIONS = DEBUG;
				SWIFT_OPTIMIZATION_LEVEL = "-Onone";
				SWIFT_VERSION = 4.0;
				TARGETED_DEVICE_FAMILY = "1,2";
			};
			name = Debug;
		};
		E4BAFE782069A08E003EED35 /* Release */ = {
			isa = XCBuildConfiguration;
			buildSettings = {
				CLANG_ANALYZER_NONNULL = YES;
				CLANG_ANALYZER_NUMBER_OBJECT_CONVERSION = YES_AGGRESSIVE;
				CLANG_CXX_LANGUAGE_STANDARD = "gnu++14";
				CLANG_WARN_BLOCK_CAPTURE_AUTORELEASING = YES;
				CLANG_WARN_COMMA = YES;
				CLANG_WARN_DOCUMENTATION_COMMENTS = YES;
				CLANG_WARN_INFINITE_RECURSION = YES;
				CLANG_WARN_NON_LITERAL_NULL_CONVERSION = YES;
				CLANG_WARN_OBJC_LITERAL_CONVERSION = YES;
				CLANG_WARN_RANGE_LOOP_ANALYSIS = YES;
				CLANG_WARN_STRICT_PROTOTYPES = YES;
				CLANG_WARN_SUSPICIOUS_MOVE = YES;
				CLANG_WARN_UNGUARDED_AVAILABILITY = YES_AGGRESSIVE;
				CODE_SIGN_IDENTITY = "iPhone Developer";
				CODE_SIGN_STYLE = Automatic;
				COPY_PHASE_STRIP = NO;
				DEBUG_INFORMATION_FORMAT = "dwarf-with-dsym";
				DEVELOPMENT_TEAM = XUSV2KF89D;
				GCC_C_LANGUAGE_STANDARD = gnu11;
				GCC_NO_COMMON_BLOCKS = YES;
				INFOPLIST_FILE = "Plottr-Thumbnail-Ext/Info.plist";
				LD_RUNPATH_SEARCH_PATHS = "$(inherited) @executable_path/Frameworks @executable_path/../../Frameworks";
				PRODUCT_BUNDLE_IDENTIFIER = "com.clouiss.plottr-native.Plottr-Thumbnail-Ext";
				PRODUCT_NAME = "$(TARGET_NAME)";
				SKIP_INSTALL = YES;
				SWIFT_OPTIMIZATION_LEVEL = "-Owholemodule";
				SWIFT_VERSION = 4.0;
				TARGETED_DEVICE_FAMILY = "1,2";
			};
			name = Release;
		};
/* End XCBuildConfiguration section */

/* Begin XCConfigurationList section */
		13B07F931A680F5B00A75B9A /* Build configuration list for PBXNativeTarget "plottr_native" */ = {
			isa = XCConfigurationList;
			buildConfigurations = (
				13B07F941A680F5B00A75B9A /* Debug */,
				13B07F951A680F5B00A75B9A /* Release */,
			);
			defaultConfigurationIsVisible = 0;
			defaultConfigurationName = Release;
		};
		2D02E4BA1E0B4A5E006451C7 /* Build configuration list for PBXNativeTarget "plottr_native-tvOS" */ = {
			isa = XCConfigurationList;
			buildConfigurations = (
				2D02E4971E0B4A5E006451C7 /* Debug */,
				2D02E4981E0B4A5E006451C7 /* Release */,
			);
			defaultConfigurationIsVisible = 0;
			defaultConfigurationName = Release;
		};
		2D02E4BB1E0B4A5E006451C7 /* Build configuration list for PBXNativeTarget "plottr_native-tvOSTests" */ = {
			isa = XCConfigurationList;
			buildConfigurations = (
				2D02E4991E0B4A5E006451C7 /* Debug */,
				2D02E49A1E0B4A5E006451C7 /* Release */,
			);
			defaultConfigurationIsVisible = 0;
			defaultConfigurationName = Release;
		};
		83CBB9FA1A601CBA00E9B192 /* Build configuration list for PBXProject "plottr_native" */ = {
			isa = XCConfigurationList;
			buildConfigurations = (
				83CBBA201A601CBA00E9B192 /* Debug */,
				83CBBA211A601CBA00E9B192 /* Release */,
			);
			defaultConfigurationIsVisible = 0;
			defaultConfigurationName = Release;
		};
		E4BAFE792069A091003EED35 /* Build configuration list for PBXNativeTarget "Plottr-Thumbnail-Ext" */ = {
			isa = XCConfigurationList;
			buildConfigurations = (
				E4BAFE772069A08E003EED35 /* Debug */,
				E4BAFE782069A08E003EED35 /* Release */,
			);
			defaultConfigurationIsVisible = 0;
			defaultConfigurationName = Release;
		};
/* End XCConfigurationList section */
	};
	rootObject = 83CBB9F71A601CBA00E9B192 /* Project object */;
}
